
Microsoft Visual Studio Solution File, Format Version 12.00
# Visual Studio Version 17
VisualStudioVersion = 17.7.34031.279
MinimumVisualStudioVersion = 10.0.40219.1
Project("{9A19103F-16F7-4668-BE54-9A1E7A4F7556}") = "APIGateway", "APIGateway\APIGateway.csproj", "{6FC29503-327D-49CE-8AC1-BE24AD21820F}"
EndProject
Project("{9A19103F-16F7-4668-BE54-9A1E7A4F7556}") = "Test.Serivce", "Test.Serivce\Test.Serivce.csproj", "{F5953D4C-CCA4-44EF-8E7C-BD7DCFADBFF4}"
EndProject
Project("{9A19103F-16F7-4668-BE54-9A1E7A4F7556}") = "Auth.Service", "Auth.Service\Auth.Service.csproj", "{D203719E-0734-4F9B-9D44-BE2A86DFA3EE}"
EndProject
Project("{9A19103F-16F7-4668-BE54-9A1E7A4F7556}") = "Products.Service", "Products.Service\Products.Service.csproj", "{C89BB9B9-DD2D-4EF9-9EA8-CE2EE68F13AF}"
EndProject
Project("{9A19103F-16F7-4668-BE54-9A1E7A4F7556}") = "Orders.Service", "Cart.Service\Orders.Service.csproj", "{B9C7B0C6-5B24-404D-AAE4-5379A04D618D}"
EndProject
Global
	GlobalSection(SolutionConfigurationPlatforms) = preSolution
		Debug|Any CPU = Debug|Any CPU
		Release|Any CPU = Release|Any CPU
	EndGlobalSection
	GlobalSection(ProjectConfigurationPlatforms) = postSolution
		{6FC29503-327D-49CE-8AC1-BE24AD21820F}.Debug|Any CPU.ActiveCfg = Debug|Any CPU
		{6FC29503-327D-49CE-8AC1-BE24AD21820F}.Debug|Any CPU.Build.0 = Debug|Any CPU
		{6FC29503-327D-49CE-8AC1-BE24AD21820F}.Release|Any CPU.ActiveCfg = Release|Any CPU
		{6FC29503-327D-49CE-8AC1-BE24AD21820F}.Release|Any CPU.Build.0 = Release|Any CPU
		{F5953D4C-CCA4-44EF-8E7C-BD7DCFADBFF4}.Debug|Any CPU.ActiveCfg = Debug|Any CPU
		{F5953D4C-CCA4-44EF-8E7C-BD7DCFADBFF4}.Debug|Any CPU.Build.0 = Debug|Any CPU
		{F5953D4C-CCA4-44EF-8E7C-BD7DCFADBFF4}.Release|Any CPU.ActiveCfg = Release|Any CPU
		{F5953D4C-CCA4-44EF-8E7C-BD7DCFADBFF4}.Release|Any CPU.Build.0 = Release|Any CPU
		{D203719E-0734-4F9B-9D44-BE2A86DFA3EE}.Debug|Any CPU.ActiveCfg = Debug|Any CPU
		{D203719E-0734-4F9B-9D44-BE2A86DFA3EE}.Debug|Any CPU.Build.0 = Debug|Any CPU
		{D203719E-0734-4F9B-9D44-BE2A86DFA3EE}.Release|Any CPU.ActiveCfg = Release|Any CPU
		{D203719E-0734-4F9B-9D44-BE2A86DFA3EE}.Release|Any CPU.Build.0 = Release|Any CPU
		{C89BB9B9-DD2D-4EF9-9EA8-CE2EE68F13AF}.Debug|Any CPU.ActiveCfg = Debug|Any CPU
		{C89BB9B9-DD2D-4EF9-9EA8-CE2EE68F13AF}.Debug|Any CPU.Build.0 = Debug|Any CPU
		{C89BB9B9-DD2D-4EF9-9EA8-CE2EE68F13AF}.Release|Any CPU.ActiveCfg = Release|Any CPU
		{C89BB9B9-DD2D-4EF9-9EA8-CE2EE68F13AF}.Release|Any CPU.Build.0 = Release|Any CPU
		{B9C7B0C6-5B24-404D-AAE4-5379A04D618D}.Debug|Any CPU.ActiveCfg = Debug|Any CPU
		{B9C7B0C6-5B24-404D-AAE4-5379A04D618D}.Debug|Any CPU.Build.0 = Debug|Any CPU
		{B9C7B0C6-5B24-404D-AAE4-5379A04D618D}.Release|Any CPU.ActiveCfg = Release|Any CPU
		{B9C7B0C6-5B24-404D-AAE4-5379A04D618D}.Release|Any CPU.Build.0 = Release|Any CPU
	EndGlobalSection
	GlobalSection(SolutionProperties) = preSolution
		HideSolutionNode = FALSE
	EndGlobalSection
	GlobalSection(ExtensibilityGlobals) = postSolution
		SolutionGuid = {6D021222-8F4A-4EB1-937F-0FEA13F5A40C}
	EndGlobalSection
EndGlobal
